
Microsoft Visual Studio Solution File, Format Version 12.00
# Visual Studio Version 16
VisualStudioVersion = 16.0.30114.105
MinimumVisualStudioVersion = 10.0.40219.1
Project("{2150E333-8FDC-42A3-9474-1A3956D46DE8}") = "src", "src", "{9995CCD9-8B5A-44D4-A354-AD3145B29AFD}"
EndProject
Project("{2150E333-8FDC-42A3-9474-1A3956D46DE8}") = "test", "test", "{F7B1EDA3-95EE-4E7B-B2A1-6869C42756EE}"
EndProject
Project("{FAE04EC0-301F-11D3-BF4B-00C04F79EFBC}") = "Vpiska.WebSocket", "src\Vpiska.WebSocket\Vpiska.WebSocket.csproj", "{395A62B3-7D3F-4D38-BBC6-A73B7A4E1705}"
EndProject
Project("{FAE04EC0-301F-11D3-BF4B-00C04F79EFBC}") = "Vpiska.Domain", "src\Vpiska.Domain\Vpiska.Domain.csproj", "{03BBC317-ACFD-4FAB-9F5E-6C9ED9ABA1BA}"
EndProject
Project("{FAE04EC0-301F-11D3-BF4B-00C04F79EFBC}") = "Vpiska.Infrastructure", "src\Vpiska.Infrastructure\Vpiska.Infrastructure.csproj", "{69403395-8E71-41C3-BBE9-BD9FA270D066}"
EndProject
Project("{FAE04EC0-301F-11D3-BF4B-00C04F79EFBC}") = "Vpiska.Api", "src\Vpiska.Api\Vpiska.Api.csproj", "{5051C79E-DF01-4641-B138-0F59587F1BC6}"
EndProject
Project("{FAE04EC0-301F-11D3-BF4B-00C04F79EFBC}") = "Vpiska.UnitTests", "test\Vpiska.UnitTests\Vpiska.UnitTests.csproj", "{20808AC3-C1A6-4D90-BE61-E6DD21E89679}"
EndProject
Global
	GlobalSection(SolutionConfigurationPlatforms) = preSolution
		Debug|Any CPU = Debug|Any CPU
		Release|Any CPU = Release|Any CPU
	EndGlobalSection
	GlobalSection(SolutionProperties) = preSolution
		HideSolutionNode = FALSE
	EndGlobalSection
	GlobalSection(NestedProjects) = preSolution
		{395A62B3-7D3F-4D38-BBC6-A73B7A4E1705} = {9995CCD9-8B5A-44D4-A354-AD3145B29AFD}
		{03BBC317-ACFD-4FAB-9F5E-6C9ED9ABA1BA} = {9995CCD9-8B5A-44D4-A354-AD3145B29AFD}
		{69403395-8E71-41C3-BBE9-BD9FA270D066} = {9995CCD9-8B5A-44D4-A354-AD3145B29AFD}
		{5051C79E-DF01-4641-B138-0F59587F1BC6} = {9995CCD9-8B5A-44D4-A354-AD3145B29AFD}
		{20808AC3-C1A6-4D90-BE61-E6DD21E89679} = {F7B1EDA3-95EE-4E7B-B2A1-6869C42756EE}
	EndGlobalSection
	GlobalSection(ProjectConfigurationPlatforms) = postSolution
		{395A62B3-7D3F-4D38-BBC6-A73B7A4E1705}.Debug|Any CPU.ActiveCfg = Debug|Any CPU
		{395A62B3-7D3F-4D38-BBC6-A73B7A4E1705}.Debug|Any CPU.Build.0 = Debug|Any CPU
		{395A62B3-7D3F-4D38-BBC6-A73B7A4E1705}.Release|Any CPU.ActiveCfg = Release|Any CPU
		{395A62B3-7D3F-4D38-BBC6-A73B7A4E1705}.Release|Any CPU.Build.0 = Release|Any CPU
		{03BBC317-ACFD-4FAB-9F5E-6C9ED9ABA1BA}.Debug|Any CPU.ActiveCfg = Debug|Any CPU
		{03BBC317-ACFD-4FAB-9F5E-6C9ED9ABA1BA}.Debug|Any CPU.Build.0 = Debug|Any CPU
		{03BBC317-ACFD-4FAB-9F5E-6C9ED9ABA1BA}.Release|Any CPU.ActiveCfg = Release|Any CPU
		{03BBC317-ACFD-4FAB-9F5E-6C9ED9ABA1BA}.Release|Any CPU.Build.0 = Release|Any CPU
		{69403395-8E71-41C3-BBE9-BD9FA270D066}.Debug|Any CPU.ActiveCfg = Debug|Any CPU
		{69403395-8E71-41C3-BBE9-BD9FA270D066}.Debug|Any CPU.Build.0 = Debug|Any CPU
		{69403395-8E71-41C3-BBE9-BD9FA270D066}.Release|Any CPU.ActiveCfg = Release|Any CPU
		{69403395-8E71-41C3-BBE9-BD9FA270D066}.Release|Any CPU.Build.0 = Release|Any CPU
		{5051C79E-DF01-4641-B138-0F59587F1BC6}.Debug|Any CPU.ActiveCfg = Debug|Any CPU
		{5051C79E-DF01-4641-B138-0F59587F1BC6}.Debug|Any CPU.Build.0 = Debug|Any CPU
		{5051C79E-DF01-4641-B138-0F59587F1BC6}.Release|Any CPU.ActiveCfg = Release|Any CPU
		{5051C79E-DF01-4641-B138-0F59587F1BC6}.Release|Any CPU.Build.0 = Release|Any CPU
		{20808AC3-C1A6-4D90-BE61-E6DD21E89679}.Debug|Any CPU.ActiveCfg = Debug|Any CPU
		{20808AC3-C1A6-4D90-BE61-E6DD21E89679}.Debug|Any CPU.Build.0 = Debug|Any CPU
		{20808AC3-C1A6-4D90-BE61-E6DD21E89679}.Release|Any CPU.ActiveCfg = Release|Any CPU
		{20808AC3-C1A6-4D90-BE61-E6DD21E89679}.Release|Any CPU.Build.0 = Release|Any CPU
	EndGlobalSection
EndGlobal
