
Microsoft Visual Studio Solution File, Format Version 12.00
# Visual Studio Version 16
VisualStudioVersion = 16.0.30114.105
MinimumVisualStudioVersion = 10.0.40219.1
Project("{F2A71F9B-5D33-465A-A702-920D77279786}") = "Vpiska.Domain", "Vpiska.Domain\Vpiska.Domain.fsproj", "{CA99B84A-1021-44F0-A3B9-0CBD73850EC2}"
EndProject
Project("{F2A71F9B-5D33-465A-A702-920D77279786}") = "Vpiska.Application", "Vpiska.Application\Vpiska.Application.fsproj", "{BBCCD4CD-18C5-478F-ABD9-F7E528A49EA6}"
EndProject
Project("{2150E333-8FDC-42A3-9474-1A3956D46DE8}") = "Vpiska.Infrastructure", "Vpiska.Infrastructure", "{68512568-3C1D-4ABC-88AA-FA5039E035A2}"
EndProject
Project("{FAE04EC0-301F-11D3-BF4B-00C04F79EFBC}") = "Vpiska.Infrastructure.Orleans", "Vpiska.Infrastructure\Vpiska.Infrastructure.Orleans\Vpiska.Infrastructure.Orleans.csproj", "{4A509790-4FA8-4517-B84A-9A990490567D}"
EndProject
Project("{FAE04EC0-301F-11D3-BF4B-00C04F79EFBC}") = "Vpiska.Infrastructure.Websocket", "Vpiska.Infrastructure\Vpiska.Infrastructure.Websocket\Vpiska.Infrastructure.Websocket.csproj", "{0C1D22B7-90E5-4F89-B32B-2764B33A8B84}"
EndProject
Project("{2150E333-8FDC-42A3-9474-1A3956D46DE8}") = "Vpiska.Api", "Vpiska.Api", "{38CA8576-AE65-4D17-83E5-D37CA76AD5FE}"
EndProject
Project("{FAE04EC0-301F-11D3-BF4B-00C04F79EFBC}") = "Vpiska.Api.Rest", "Vpiska.Api\Vpiska.Api.Rest\Vpiska.Api.Rest.csproj", "{1704DE6E-A065-48D7-BA72-0CBA59E67A96}"
EndProject
Project("{FAE04EC0-301F-11D3-BF4B-00C04F79EFBC}") = "Vpiska.Api.Chat", "Vpiska.Api\Vpiska.Api.Chat\Vpiska.Api.Chat.csproj", "{C26E8019-4AC2-46D8-8816-AF3EAB72EDF2}"
EndProject
Project("{FAE04EC0-301F-11D3-BF4B-00C04F79EFBC}") = "Vpiska.Api.Silo", "Vpiska.Api\Vpiska.Api.Silo\Vpiska.Api.Silo.csproj", "{6B03E312-D5CF-43DD-A4B4-0CB91F52B2C8}"
EndProject
Global
	GlobalSection(SolutionConfigurationPlatforms) = preSolution
		Debug|Any CPU = Debug|Any CPU
		Debug|x64 = Debug|x64
		Debug|x86 = Debug|x86
		Release|Any CPU = Release|Any CPU
		Release|x64 = Release|x64
		Release|x86 = Release|x86
	EndGlobalSection
	GlobalSection(SolutionProperties) = preSolution
		HideSolutionNode = FALSE
	EndGlobalSection
	GlobalSection(ProjectConfigurationPlatforms) = postSolution
		{CA99B84A-1021-44F0-A3B9-0CBD73850EC2}.Debug|Any CPU.ActiveCfg = Debug|Any CPU
		{CA99B84A-1021-44F0-A3B9-0CBD73850EC2}.Debug|Any CPU.Build.0 = Debug|Any CPU
		{CA99B84A-1021-44F0-A3B9-0CBD73850EC2}.Debug|x64.ActiveCfg = Debug|Any CPU
		{CA99B84A-1021-44F0-A3B9-0CBD73850EC2}.Debug|x64.Build.0 = Debug|Any CPU
		{CA99B84A-1021-44F0-A3B9-0CBD73850EC2}.Debug|x86.ActiveCfg = Debug|Any CPU
		{CA99B84A-1021-44F0-A3B9-0CBD73850EC2}.Debug|x86.Build.0 = Debug|Any CPU
		{CA99B84A-1021-44F0-A3B9-0CBD73850EC2}.Release|Any CPU.ActiveCfg = Release|Any CPU
		{CA99B84A-1021-44F0-A3B9-0CBD73850EC2}.Release|Any CPU.Build.0 = Release|Any CPU
		{CA99B84A-1021-44F0-A3B9-0CBD73850EC2}.Release|x64.ActiveCfg = Release|Any CPU
		{CA99B84A-1021-44F0-A3B9-0CBD73850EC2}.Release|x64.Build.0 = Release|Any CPU
		{CA99B84A-1021-44F0-A3B9-0CBD73850EC2}.Release|x86.ActiveCfg = Release|Any CPU
		{CA99B84A-1021-44F0-A3B9-0CBD73850EC2}.Release|x86.Build.0 = Release|Any CPU
		{BBCCD4CD-18C5-478F-ABD9-F7E528A49EA6}.Debug|Any CPU.ActiveCfg = Debug|Any CPU
		{BBCCD4CD-18C5-478F-ABD9-F7E528A49EA6}.Debug|Any CPU.Build.0 = Debug|Any CPU
		{BBCCD4CD-18C5-478F-ABD9-F7E528A49EA6}.Debug|x64.ActiveCfg = Debug|Any CPU
		{BBCCD4CD-18C5-478F-ABD9-F7E528A49EA6}.Debug|x64.Build.0 = Debug|Any CPU
		{BBCCD4CD-18C5-478F-ABD9-F7E528A49EA6}.Debug|x86.ActiveCfg = Debug|Any CPU
		{BBCCD4CD-18C5-478F-ABD9-F7E528A49EA6}.Debug|x86.Build.0 = Debug|Any CPU
		{BBCCD4CD-18C5-478F-ABD9-F7E528A49EA6}.Release|Any CPU.ActiveCfg = Release|Any CPU
		{BBCCD4CD-18C5-478F-ABD9-F7E528A49EA6}.Release|Any CPU.Build.0 = Release|Any CPU
		{BBCCD4CD-18C5-478F-ABD9-F7E528A49EA6}.Release|x64.ActiveCfg = Release|Any CPU
		{BBCCD4CD-18C5-478F-ABD9-F7E528A49EA6}.Release|x64.Build.0 = Release|Any CPU
		{BBCCD4CD-18C5-478F-ABD9-F7E528A49EA6}.Release|x86.ActiveCfg = Release|Any CPU
		{BBCCD4CD-18C5-478F-ABD9-F7E528A49EA6}.Release|x86.Build.0 = Release|Any CPU
		{4A509790-4FA8-4517-B84A-9A990490567D}.Debug|Any CPU.ActiveCfg = Debug|Any CPU
		{4A509790-4FA8-4517-B84A-9A990490567D}.Debug|Any CPU.Build.0 = Debug|Any CPU
		{4A509790-4FA8-4517-B84A-9A990490567D}.Debug|x64.ActiveCfg = Debug|Any CPU
		{4A509790-4FA8-4517-B84A-9A990490567D}.Debug|x64.Build.0 = Debug|Any CPU
		{4A509790-4FA8-4517-B84A-9A990490567D}.Debug|x86.ActiveCfg = Debug|Any CPU
		{4A509790-4FA8-4517-B84A-9A990490567D}.Debug|x86.Build.0 = Debug|Any CPU
		{4A509790-4FA8-4517-B84A-9A990490567D}.Release|Any CPU.ActiveCfg = Release|Any CPU
		{4A509790-4FA8-4517-B84A-9A990490567D}.Release|Any CPU.Build.0 = Release|Any CPU
		{4A509790-4FA8-4517-B84A-9A990490567D}.Release|x64.ActiveCfg = Release|Any CPU
		{4A509790-4FA8-4517-B84A-9A990490567D}.Release|x64.Build.0 = Release|Any CPU
		{4A509790-4FA8-4517-B84A-9A990490567D}.Release|x86.ActiveCfg = Release|Any CPU
		{4A509790-4FA8-4517-B84A-9A990490567D}.Release|x86.Build.0 = Release|Any CPU
		{0C1D22B7-90E5-4F89-B32B-2764B33A8B84}.Debug|Any CPU.ActiveCfg = Debug|Any CPU
		{0C1D22B7-90E5-4F89-B32B-2764B33A8B84}.Debug|Any CPU.Build.0 = Debug|Any CPU
		{0C1D22B7-90E5-4F89-B32B-2764B33A8B84}.Debug|x64.ActiveCfg = Debug|Any CPU
		{0C1D22B7-90E5-4F89-B32B-2764B33A8B84}.Debug|x64.Build.0 = Debug|Any CPU
		{0C1D22B7-90E5-4F89-B32B-2764B33A8B84}.Debug|x86.ActiveCfg = Debug|Any CPU
		{0C1D22B7-90E5-4F89-B32B-2764B33A8B84}.Debug|x86.Build.0 = Debug|Any CPU
		{0C1D22B7-90E5-4F89-B32B-2764B33A8B84}.Release|Any CPU.ActiveCfg = Release|Any CPU
		{0C1D22B7-90E5-4F89-B32B-2764B33A8B84}.Release|Any CPU.Build.0 = Release|Any CPU
		{0C1D22B7-90E5-4F89-B32B-2764B33A8B84}.Release|x64.ActiveCfg = Release|Any CPU
		{0C1D22B7-90E5-4F89-B32B-2764B33A8B84}.Release|x64.Build.0 = Release|Any CPU
		{0C1D22B7-90E5-4F89-B32B-2764B33A8B84}.Release|x86.ActiveCfg = Release|Any CPU
		{0C1D22B7-90E5-4F89-B32B-2764B33A8B84}.Release|x86.Build.0 = Release|Any CPU
		{1704DE6E-A065-48D7-BA72-0CBA59E67A96}.Debug|Any CPU.ActiveCfg = Debug|Any CPU
		{1704DE6E-A065-48D7-BA72-0CBA59E67A96}.Debug|Any CPU.Build.0 = Debug|Any CPU
		{1704DE6E-A065-48D7-BA72-0CBA59E67A96}.Debug|x64.ActiveCfg = Debug|Any CPU
		{1704DE6E-A065-48D7-BA72-0CBA59E67A96}.Debug|x64.Build.0 = Debug|Any CPU
		{1704DE6E-A065-48D7-BA72-0CBA59E67A96}.Debug|x86.ActiveCfg = Debug|Any CPU
		{1704DE6E-A065-48D7-BA72-0CBA59E67A96}.Debug|x86.Build.0 = Debug|Any CPU
		{1704DE6E-A065-48D7-BA72-0CBA59E67A96}.Release|Any CPU.ActiveCfg = Release|Any CPU
		{1704DE6E-A065-48D7-BA72-0CBA59E67A96}.Release|Any CPU.Build.0 = Release|Any CPU
		{1704DE6E-A065-48D7-BA72-0CBA59E67A96}.Release|x64.ActiveCfg = Release|Any CPU
		{1704DE6E-A065-48D7-BA72-0CBA59E67A96}.Release|x64.Build.0 = Release|Any CPU
		{1704DE6E-A065-48D7-BA72-0CBA59E67A96}.Release|x86.ActiveCfg = Release|Any CPU
		{1704DE6E-A065-48D7-BA72-0CBA59E67A96}.Release|x86.Build.0 = Release|Any CPU
		{C26E8019-4AC2-46D8-8816-AF3EAB72EDF2}.Debug|Any CPU.ActiveCfg = Debug|Any CPU
		{C26E8019-4AC2-46D8-8816-AF3EAB72EDF2}.Debug|Any CPU.Build.0 = Debug|Any CPU
		{C26E8019-4AC2-46D8-8816-AF3EAB72EDF2}.Debug|x64.ActiveCfg = Debug|Any CPU
		{C26E8019-4AC2-46D8-8816-AF3EAB72EDF2}.Debug|x64.Build.0 = Debug|Any CPU
		{C26E8019-4AC2-46D8-8816-AF3EAB72EDF2}.Debug|x86.ActiveCfg = Debug|Any CPU
		{C26E8019-4AC2-46D8-8816-AF3EAB72EDF2}.Debug|x86.Build.0 = Debug|Any CPU
		{C26E8019-4AC2-46D8-8816-AF3EAB72EDF2}.Release|Any CPU.ActiveCfg = Release|Any CPU
		{C26E8019-4AC2-46D8-8816-AF3EAB72EDF2}.Release|Any CPU.Build.0 = Release|Any CPU
		{C26E8019-4AC2-46D8-8816-AF3EAB72EDF2}.Release|x64.ActiveCfg = Release|Any CPU
		{C26E8019-4AC2-46D8-8816-AF3EAB72EDF2}.Release|x64.Build.0 = Release|Any CPU
		{C26E8019-4AC2-46D8-8816-AF3EAB72EDF2}.Release|x86.ActiveCfg = Release|Any CPU
		{C26E8019-4AC2-46D8-8816-AF3EAB72EDF2}.Release|x86.Build.0 = Release|Any CPU
		{6B03E312-D5CF-43DD-A4B4-0CB91F52B2C8}.Debug|Any CPU.ActiveCfg = Debug|Any CPU
		{6B03E312-D5CF-43DD-A4B4-0CB91F52B2C8}.Debug|Any CPU.Build.0 = Debug|Any CPU
		{6B03E312-D5CF-43DD-A4B4-0CB91F52B2C8}.Debug|x64.ActiveCfg = Debug|Any CPU
		{6B03E312-D5CF-43DD-A4B4-0CB91F52B2C8}.Debug|x64.Build.0 = Debug|Any CPU
		{6B03E312-D5CF-43DD-A4B4-0CB91F52B2C8}.Debug|x86.ActiveCfg = Debug|Any CPU
		{6B03E312-D5CF-43DD-A4B4-0CB91F52B2C8}.Debug|x86.Build.0 = Debug|Any CPU
		{6B03E312-D5CF-43DD-A4B4-0CB91F52B2C8}.Release|Any CPU.ActiveCfg = Release|Any CPU
		{6B03E312-D5CF-43DD-A4B4-0CB91F52B2C8}.Release|Any CPU.Build.0 = Release|Any CPU
		{6B03E312-D5CF-43DD-A4B4-0CB91F52B2C8}.Release|x64.ActiveCfg = Release|Any CPU
		{6B03E312-D5CF-43DD-A4B4-0CB91F52B2C8}.Release|x64.Build.0 = Release|Any CPU
		{6B03E312-D5CF-43DD-A4B4-0CB91F52B2C8}.Release|x86.ActiveCfg = Release|Any CPU
		{6B03E312-D5CF-43DD-A4B4-0CB91F52B2C8}.Release|x86.Build.0 = Release|Any CPU
	EndGlobalSection
	GlobalSection(NestedProjects) = preSolution
		{4A509790-4FA8-4517-B84A-9A990490567D} = {68512568-3C1D-4ABC-88AA-FA5039E035A2}
		{0C1D22B7-90E5-4F89-B32B-2764B33A8B84} = {68512568-3C1D-4ABC-88AA-FA5039E035A2}
		{1704DE6E-A065-48D7-BA72-0CBA59E67A96} = {38CA8576-AE65-4D17-83E5-D37CA76AD5FE}
		{C26E8019-4AC2-46D8-8816-AF3EAB72EDF2} = {38CA8576-AE65-4D17-83E5-D37CA76AD5FE}
		{6B03E312-D5CF-43DD-A4B4-0CB91F52B2C8} = {38CA8576-AE65-4D17-83E5-D37CA76AD5FE}
	EndGlobalSection
EndGlobal
