
Microsoft Visual Studio Solution File, Format Version 12.00
# Visual Studio Version 16
VisualStudioVersion = 16.0.30114.105
MinimumVisualStudioVersion = 10.0.40219.1
Project("{FAE04EC0-301F-11D3-BF4B-00C04F79EFBC}") = "Vpiska.Api", "Vpiska.Api\Vpiska.Api.csproj", "{C7AFD4B3-16F1-469C-B38E-C736EB84C579}"
EndProject
Project("{FAE04EC0-301F-11D3-BF4B-00C04F79EFBC}") = "Vpiska.Domain", "Vpiska.Domain\Vpiska.Domain.csproj", "{4DBB3C41-5F4E-42B9-9C00-29D4D239968A}"
EndProject
Project("{FAE04EC0-301F-11D3-BF4B-00C04F79EFBC}") = "Vpiska.Jwt", "Vpiska.Jwt\Vpiska.Jwt.csproj", "{04A80C77-BFA0-4696-A78A-B5628E53B38C}"
EndProject
Project("{FAE04EC0-301F-11D3-BF4B-00C04F79EFBC}") = "Vpiska.WebSocket", "Vpiska.WebSocket\Vpiska.WebSocket.csproj", "{12B23CA1-A77D-4507-8F29-0DB2E190DA73}"
EndProject
Project("{FAE04EC0-301F-11D3-BF4B-00C04F79EFBC}") = "Vpiska.Chat", "Vpiska.Chat\Vpiska.Chat.csproj", "{62ACBD85-0F6A-44B4-BBEC-539CE09184D5}"
EndProject
Project("{FAE04EC0-301F-11D3-BF4B-00C04F79EFBC}") = "Vpiska.Mongo", "Vpiska.Mongo\Vpiska.Mongo.csproj", "{12302883-D545-40F4-A839-76EC4C13B0C8}"
EndProject
Global
	GlobalSection(SolutionConfigurationPlatforms) = preSolution
		Debug|Any CPU = Debug|Any CPU
		Debug|x64 = Debug|x64
		Debug|x86 = Debug|x86
		Release|Any CPU = Release|Any CPU
		Release|x64 = Release|x64
		Release|x86 = Release|x86
	EndGlobalSection
	GlobalSection(SolutionProperties) = preSolution
		HideSolutionNode = FALSE
	EndGlobalSection
	GlobalSection(ProjectConfigurationPlatforms) = postSolution
		{C7AFD4B3-16F1-469C-B38E-C736EB84C579}.Debug|Any CPU.ActiveCfg = Debug|Any CPU
		{C7AFD4B3-16F1-469C-B38E-C736EB84C579}.Debug|Any CPU.Build.0 = Debug|Any CPU
		{C7AFD4B3-16F1-469C-B38E-C736EB84C579}.Debug|x64.ActiveCfg = Debug|Any CPU
		{C7AFD4B3-16F1-469C-B38E-C736EB84C579}.Debug|x64.Build.0 = Debug|Any CPU
		{C7AFD4B3-16F1-469C-B38E-C736EB84C579}.Debug|x86.ActiveCfg = Debug|Any CPU
		{C7AFD4B3-16F1-469C-B38E-C736EB84C579}.Debug|x86.Build.0 = Debug|Any CPU
		{C7AFD4B3-16F1-469C-B38E-C736EB84C579}.Release|Any CPU.ActiveCfg = Release|Any CPU
		{C7AFD4B3-16F1-469C-B38E-C736EB84C579}.Release|Any CPU.Build.0 = Release|Any CPU
		{C7AFD4B3-16F1-469C-B38E-C736EB84C579}.Release|x64.ActiveCfg = Release|Any CPU
		{C7AFD4B3-16F1-469C-B38E-C736EB84C579}.Release|x64.Build.0 = Release|Any CPU
		{C7AFD4B3-16F1-469C-B38E-C736EB84C579}.Release|x86.ActiveCfg = Release|Any CPU
		{C7AFD4B3-16F1-469C-B38E-C736EB84C579}.Release|x86.Build.0 = Release|Any CPU
		{4DBB3C41-5F4E-42B9-9C00-29D4D239968A}.Debug|Any CPU.ActiveCfg = Debug|Any CPU
		{4DBB3C41-5F4E-42B9-9C00-29D4D239968A}.Debug|Any CPU.Build.0 = Debug|Any CPU
		{4DBB3C41-5F4E-42B9-9C00-29D4D239968A}.Debug|x64.ActiveCfg = Debug|Any CPU
		{4DBB3C41-5F4E-42B9-9C00-29D4D239968A}.Debug|x64.Build.0 = Debug|Any CPU
		{4DBB3C41-5F4E-42B9-9C00-29D4D239968A}.Debug|x86.ActiveCfg = Debug|Any CPU
		{4DBB3C41-5F4E-42B9-9C00-29D4D239968A}.Debug|x86.Build.0 = Debug|Any CPU
		{4DBB3C41-5F4E-42B9-9C00-29D4D239968A}.Release|Any CPU.ActiveCfg = Release|Any CPU
		{4DBB3C41-5F4E-42B9-9C00-29D4D239968A}.Release|Any CPU.Build.0 = Release|Any CPU
		{4DBB3C41-5F4E-42B9-9C00-29D4D239968A}.Release|x64.ActiveCfg = Release|Any CPU
		{4DBB3C41-5F4E-42B9-9C00-29D4D239968A}.Release|x64.Build.0 = Release|Any CPU
		{4DBB3C41-5F4E-42B9-9C00-29D4D239968A}.Release|x86.ActiveCfg = Release|Any CPU
		{4DBB3C41-5F4E-42B9-9C00-29D4D239968A}.Release|x86.Build.0 = Release|Any CPU
		{04A80C77-BFA0-4696-A78A-B5628E53B38C}.Debug|Any CPU.ActiveCfg = Debug|Any CPU
		{04A80C77-BFA0-4696-A78A-B5628E53B38C}.Debug|Any CPU.Build.0 = Debug|Any CPU
		{04A80C77-BFA0-4696-A78A-B5628E53B38C}.Debug|x64.ActiveCfg = Debug|Any CPU
		{04A80C77-BFA0-4696-A78A-B5628E53B38C}.Debug|x64.Build.0 = Debug|Any CPU
		{04A80C77-BFA0-4696-A78A-B5628E53B38C}.Debug|x86.ActiveCfg = Debug|Any CPU
		{04A80C77-BFA0-4696-A78A-B5628E53B38C}.Debug|x86.Build.0 = Debug|Any CPU
		{04A80C77-BFA0-4696-A78A-B5628E53B38C}.Release|Any CPU.ActiveCfg = Release|Any CPU
		{04A80C77-BFA0-4696-A78A-B5628E53B38C}.Release|Any CPU.Build.0 = Release|Any CPU
		{04A80C77-BFA0-4696-A78A-B5628E53B38C}.Release|x64.ActiveCfg = Release|Any CPU
		{04A80C77-BFA0-4696-A78A-B5628E53B38C}.Release|x64.Build.0 = Release|Any CPU
		{04A80C77-BFA0-4696-A78A-B5628E53B38C}.Release|x86.ActiveCfg = Release|Any CPU
		{04A80C77-BFA0-4696-A78A-B5628E53B38C}.Release|x86.Build.0 = Release|Any CPU
		{12B23CA1-A77D-4507-8F29-0DB2E190DA73}.Debug|Any CPU.ActiveCfg = Debug|Any CPU
		{12B23CA1-A77D-4507-8F29-0DB2E190DA73}.Debug|Any CPU.Build.0 = Debug|Any CPU
		{12B23CA1-A77D-4507-8F29-0DB2E190DA73}.Debug|x64.ActiveCfg = Debug|Any CPU
		{12B23CA1-A77D-4507-8F29-0DB2E190DA73}.Debug|x64.Build.0 = Debug|Any CPU
		{12B23CA1-A77D-4507-8F29-0DB2E190DA73}.Debug|x86.ActiveCfg = Debug|Any CPU
		{12B23CA1-A77D-4507-8F29-0DB2E190DA73}.Debug|x86.Build.0 = Debug|Any CPU
		{12B23CA1-A77D-4507-8F29-0DB2E190DA73}.Release|Any CPU.ActiveCfg = Release|Any CPU
		{12B23CA1-A77D-4507-8F29-0DB2E190DA73}.Release|Any CPU.Build.0 = Release|Any CPU
		{12B23CA1-A77D-4507-8F29-0DB2E190DA73}.Release|x64.ActiveCfg = Release|Any CPU
		{12B23CA1-A77D-4507-8F29-0DB2E190DA73}.Release|x64.Build.0 = Release|Any CPU
		{12B23CA1-A77D-4507-8F29-0DB2E190DA73}.Release|x86.ActiveCfg = Release|Any CPU
		{12B23CA1-A77D-4507-8F29-0DB2E190DA73}.Release|x86.Build.0 = Release|Any CPU
		{62ACBD85-0F6A-44B4-BBEC-539CE09184D5}.Debug|Any CPU.ActiveCfg = Debug|Any CPU
		{62ACBD85-0F6A-44B4-BBEC-539CE09184D5}.Debug|Any CPU.Build.0 = Debug|Any CPU
		{62ACBD85-0F6A-44B4-BBEC-539CE09184D5}.Debug|x64.ActiveCfg = Debug|Any CPU
		{62ACBD85-0F6A-44B4-BBEC-539CE09184D5}.Debug|x64.Build.0 = Debug|Any CPU
		{62ACBD85-0F6A-44B4-BBEC-539CE09184D5}.Debug|x86.ActiveCfg = Debug|Any CPU
		{62ACBD85-0F6A-44B4-BBEC-539CE09184D5}.Debug|x86.Build.0 = Debug|Any CPU
		{62ACBD85-0F6A-44B4-BBEC-539CE09184D5}.Release|Any CPU.ActiveCfg = Release|Any CPU
		{62ACBD85-0F6A-44B4-BBEC-539CE09184D5}.Release|Any CPU.Build.0 = Release|Any CPU
		{62ACBD85-0F6A-44B4-BBEC-539CE09184D5}.Release|x64.ActiveCfg = Release|Any CPU
		{62ACBD85-0F6A-44B4-BBEC-539CE09184D5}.Release|x64.Build.0 = Release|Any CPU
		{62ACBD85-0F6A-44B4-BBEC-539CE09184D5}.Release|x86.ActiveCfg = Release|Any CPU
		{62ACBD85-0F6A-44B4-BBEC-539CE09184D5}.Release|x86.Build.0 = Release|Any CPU
		{12302883-D545-40F4-A839-76EC4C13B0C8}.Debug|Any CPU.ActiveCfg = Debug|Any CPU
		{12302883-D545-40F4-A839-76EC4C13B0C8}.Debug|Any CPU.Build.0 = Debug|Any CPU
		{12302883-D545-40F4-A839-76EC4C13B0C8}.Debug|x64.ActiveCfg = Debug|Any CPU
		{12302883-D545-40F4-A839-76EC4C13B0C8}.Debug|x64.Build.0 = Debug|Any CPU
		{12302883-D545-40F4-A839-76EC4C13B0C8}.Debug|x86.ActiveCfg = Debug|Any CPU
		{12302883-D545-40F4-A839-76EC4C13B0C8}.Debug|x86.Build.0 = Debug|Any CPU
		{12302883-D545-40F4-A839-76EC4C13B0C8}.Release|Any CPU.ActiveCfg = Release|Any CPU
		{12302883-D545-40F4-A839-76EC4C13B0C8}.Release|Any CPU.Build.0 = Release|Any CPU
		{12302883-D545-40F4-A839-76EC4C13B0C8}.Release|x64.ActiveCfg = Release|Any CPU
		{12302883-D545-40F4-A839-76EC4C13B0C8}.Release|x64.Build.0 = Release|Any CPU
		{12302883-D545-40F4-A839-76EC4C13B0C8}.Release|x86.ActiveCfg = Release|Any CPU
		{12302883-D545-40F4-A839-76EC4C13B0C8}.Release|x86.Build.0 = Release|Any CPU
	EndGlobalSection
EndGlobal
