
Microsoft Visual Studio Solution File, Format Version 12.00
# Visual Studio Version 16
VisualStudioVersion = 16.0.30114.105
MinimumVisualStudioVersion = 10.0.40219.1
Project("{FAE04EC0-301F-11D3-BF4B-00C04F79EFBC}") = "Vpiska.Api", "Vpiska.Api\Vpiska.Api.csproj", "{E3FF9F85-E37A-4147-A3D7-91C6301EAD22}"
EndProject
Project("{F2A71F9B-5D33-465A-A702-920D77279786}") = "Vpiska.Domain", "Vpiska.Domain\Vpiska.Domain.fsproj", "{CA99B84A-1021-44F0-A3B9-0CBD73850EC2}"
EndProject
Project("{F2A71F9B-5D33-465A-A702-920D77279786}") = "Vpiska.Application", "Vpiska.Application\Vpiska.Application.fsproj", "{BBCCD4CD-18C5-478F-ABD9-F7E528A49EA6}"
EndProject
Project("{2150E333-8FDC-42A3-9474-1A3956D46DE8}") = "Vpiska.Infrastructure", "Vpiska.Infrastructure", "{68512568-3C1D-4ABC-88AA-FA5039E035A2}"
EndProject
Project("{F2A71F9B-5D33-465A-A702-920D77279786}") = "Vpiska.Infrastructure.Mongo", "Vpiska.Infrastructure\Vpiska.Infrastructure.Mongo\Vpiska.Infrastructure.Mongo.fsproj", "{690913CE-5756-4BB4-91AA-3EA535975344}"
EndProject
Project("{F2A71F9B-5D33-465A-A702-920D77279786}") = "Vpiska.Infrastructure.Jwt", "Vpiska.Infrastructure\Vpiska.Infrastructure.Jwt\Vpiska.Infrastructure.Jwt.fsproj", "{15819F74-0CF2-4A43-A21F-27ABB5AB8D78}"
EndProject
Project("{F2A71F9B-5D33-465A-A702-920D77279786}") = "Vpiska.Infrastructure.Firebase", "Vpiska.Infrastructure\Vpiska.Infrastructure.Firebase\Vpiska.Infrastructure.Firebase.fsproj", "{15A14F07-5AB6-42B2-8A0E-64494CDF1BB9}"
EndProject
Project("{FAE04EC0-301F-11D3-BF4B-00C04F79EFBC}") = "Vpiska.Infrastructure.Orleans", "Vpiska.Infrastructure\Vpiska.Infrastructure.Orleans\Vpiska.Infrastructure.Orleans.csproj", "{4A509790-4FA8-4517-B84A-9A990490567D}"
EndProject
Project("{FAE04EC0-301F-11D3-BF4B-00C04F79EFBC}") = "Vpiska.OrleansSilo", "Vpiska.OrleansSilo\Vpiska.OrleansSilo.csproj", "{392F34C7-DA25-47F7-8625-E1B7832A13FB}"
EndProject
Project("{FAE04EC0-301F-11D3-BF4B-00C04F79EFBC}") = "Vpiska.Infrastructure.Websocket", "Vpiska.Infrastructure\Vpiska.Infrastructure.Websocket\Vpiska.Infrastructure.Websocket.csproj", "{0C1D22B7-90E5-4F89-B32B-2764B33A8B84}"
EndProject
Project("{FAE04EC0-301F-11D3-BF4B-00C04F79EFBC}") = "Vpiska.ApiChat", "Vpiska.ApiChat\Vpiska.ApiChat.csproj", "{6675EE58-4366-483F-A87F-F401702DA211}"
EndProject
Global
	GlobalSection(SolutionConfigurationPlatforms) = preSolution
		Debug|Any CPU = Debug|Any CPU
		Debug|x64 = Debug|x64
		Debug|x86 = Debug|x86
		Release|Any CPU = Release|Any CPU
		Release|x64 = Release|x64
		Release|x86 = Release|x86
	EndGlobalSection
	GlobalSection(SolutionProperties) = preSolution
		HideSolutionNode = FALSE
	EndGlobalSection
	GlobalSection(ProjectConfigurationPlatforms) = postSolution
		{E3FF9F85-E37A-4147-A3D7-91C6301EAD22}.Debug|Any CPU.ActiveCfg = Debug|Any CPU
		{E3FF9F85-E37A-4147-A3D7-91C6301EAD22}.Debug|Any CPU.Build.0 = Debug|Any CPU
		{E3FF9F85-E37A-4147-A3D7-91C6301EAD22}.Debug|x64.ActiveCfg = Debug|Any CPU
		{E3FF9F85-E37A-4147-A3D7-91C6301EAD22}.Debug|x64.Build.0 = Debug|Any CPU
		{E3FF9F85-E37A-4147-A3D7-91C6301EAD22}.Debug|x86.ActiveCfg = Debug|Any CPU
		{E3FF9F85-E37A-4147-A3D7-91C6301EAD22}.Debug|x86.Build.0 = Debug|Any CPU
		{E3FF9F85-E37A-4147-A3D7-91C6301EAD22}.Release|Any CPU.ActiveCfg = Release|Any CPU
		{E3FF9F85-E37A-4147-A3D7-91C6301EAD22}.Release|Any CPU.Build.0 = Release|Any CPU
		{E3FF9F85-E37A-4147-A3D7-91C6301EAD22}.Release|x64.ActiveCfg = Release|Any CPU
		{E3FF9F85-E37A-4147-A3D7-91C6301EAD22}.Release|x64.Build.0 = Release|Any CPU
		{E3FF9F85-E37A-4147-A3D7-91C6301EAD22}.Release|x86.ActiveCfg = Release|Any CPU
		{E3FF9F85-E37A-4147-A3D7-91C6301EAD22}.Release|x86.Build.0 = Release|Any CPU
		{CA99B84A-1021-44F0-A3B9-0CBD73850EC2}.Debug|Any CPU.ActiveCfg = Debug|Any CPU
		{CA99B84A-1021-44F0-A3B9-0CBD73850EC2}.Debug|Any CPU.Build.0 = Debug|Any CPU
		{CA99B84A-1021-44F0-A3B9-0CBD73850EC2}.Debug|x64.ActiveCfg = Debug|Any CPU
		{CA99B84A-1021-44F0-A3B9-0CBD73850EC2}.Debug|x64.Build.0 = Debug|Any CPU
		{CA99B84A-1021-44F0-A3B9-0CBD73850EC2}.Debug|x86.ActiveCfg = Debug|Any CPU
		{CA99B84A-1021-44F0-A3B9-0CBD73850EC2}.Debug|x86.Build.0 = Debug|Any CPU
		{CA99B84A-1021-44F0-A3B9-0CBD73850EC2}.Release|Any CPU.ActiveCfg = Release|Any CPU
		{CA99B84A-1021-44F0-A3B9-0CBD73850EC2}.Release|Any CPU.Build.0 = Release|Any CPU
		{CA99B84A-1021-44F0-A3B9-0CBD73850EC2}.Release|x64.ActiveCfg = Release|Any CPU
		{CA99B84A-1021-44F0-A3B9-0CBD73850EC2}.Release|x64.Build.0 = Release|Any CPU
		{CA99B84A-1021-44F0-A3B9-0CBD73850EC2}.Release|x86.ActiveCfg = Release|Any CPU
		{CA99B84A-1021-44F0-A3B9-0CBD73850EC2}.Release|x86.Build.0 = Release|Any CPU
		{BBCCD4CD-18C5-478F-ABD9-F7E528A49EA6}.Debug|Any CPU.ActiveCfg = Debug|Any CPU
		{BBCCD4CD-18C5-478F-ABD9-F7E528A49EA6}.Debug|Any CPU.Build.0 = Debug|Any CPU
		{BBCCD4CD-18C5-478F-ABD9-F7E528A49EA6}.Debug|x64.ActiveCfg = Debug|Any CPU
		{BBCCD4CD-18C5-478F-ABD9-F7E528A49EA6}.Debug|x64.Build.0 = Debug|Any CPU
		{BBCCD4CD-18C5-478F-ABD9-F7E528A49EA6}.Debug|x86.ActiveCfg = Debug|Any CPU
		{BBCCD4CD-18C5-478F-ABD9-F7E528A49EA6}.Debug|x86.Build.0 = Debug|Any CPU
		{BBCCD4CD-18C5-478F-ABD9-F7E528A49EA6}.Release|Any CPU.ActiveCfg = Release|Any CPU
		{BBCCD4CD-18C5-478F-ABD9-F7E528A49EA6}.Release|Any CPU.Build.0 = Release|Any CPU
		{BBCCD4CD-18C5-478F-ABD9-F7E528A49EA6}.Release|x64.ActiveCfg = Release|Any CPU
		{BBCCD4CD-18C5-478F-ABD9-F7E528A49EA6}.Release|x64.Build.0 = Release|Any CPU
		{BBCCD4CD-18C5-478F-ABD9-F7E528A49EA6}.Release|x86.ActiveCfg = Release|Any CPU
		{BBCCD4CD-18C5-478F-ABD9-F7E528A49EA6}.Release|x86.Build.0 = Release|Any CPU
		{690913CE-5756-4BB4-91AA-3EA535975344}.Debug|Any CPU.ActiveCfg = Debug|Any CPU
		{690913CE-5756-4BB4-91AA-3EA535975344}.Debug|Any CPU.Build.0 = Debug|Any CPU
		{690913CE-5756-4BB4-91AA-3EA535975344}.Debug|x64.ActiveCfg = Debug|Any CPU
		{690913CE-5756-4BB4-91AA-3EA535975344}.Debug|x64.Build.0 = Debug|Any CPU
		{690913CE-5756-4BB4-91AA-3EA535975344}.Debug|x86.ActiveCfg = Debug|Any CPU
		{690913CE-5756-4BB4-91AA-3EA535975344}.Debug|x86.Build.0 = Debug|Any CPU
		{690913CE-5756-4BB4-91AA-3EA535975344}.Release|Any CPU.ActiveCfg = Release|Any CPU
		{690913CE-5756-4BB4-91AA-3EA535975344}.Release|Any CPU.Build.0 = Release|Any CPU
		{690913CE-5756-4BB4-91AA-3EA535975344}.Release|x64.ActiveCfg = Release|Any CPU
		{690913CE-5756-4BB4-91AA-3EA535975344}.Release|x64.Build.0 = Release|Any CPU
		{690913CE-5756-4BB4-91AA-3EA535975344}.Release|x86.ActiveCfg = Release|Any CPU
		{690913CE-5756-4BB4-91AA-3EA535975344}.Release|x86.Build.0 = Release|Any CPU
		{15819F74-0CF2-4A43-A21F-27ABB5AB8D78}.Debug|Any CPU.ActiveCfg = Debug|Any CPU
		{15819F74-0CF2-4A43-A21F-27ABB5AB8D78}.Debug|Any CPU.Build.0 = Debug|Any CPU
		{15819F74-0CF2-4A43-A21F-27ABB5AB8D78}.Debug|x64.ActiveCfg = Debug|Any CPU
		{15819F74-0CF2-4A43-A21F-27ABB5AB8D78}.Debug|x64.Build.0 = Debug|Any CPU
		{15819F74-0CF2-4A43-A21F-27ABB5AB8D78}.Debug|x86.ActiveCfg = Debug|Any CPU
		{15819F74-0CF2-4A43-A21F-27ABB5AB8D78}.Debug|x86.Build.0 = Debug|Any CPU
		{15819F74-0CF2-4A43-A21F-27ABB5AB8D78}.Release|Any CPU.ActiveCfg = Release|Any CPU
		{15819F74-0CF2-4A43-A21F-27ABB5AB8D78}.Release|Any CPU.Build.0 = Release|Any CPU
		{15819F74-0CF2-4A43-A21F-27ABB5AB8D78}.Release|x64.ActiveCfg = Release|Any CPU
		{15819F74-0CF2-4A43-A21F-27ABB5AB8D78}.Release|x64.Build.0 = Release|Any CPU
		{15819F74-0CF2-4A43-A21F-27ABB5AB8D78}.Release|x86.ActiveCfg = Release|Any CPU
		{15819F74-0CF2-4A43-A21F-27ABB5AB8D78}.Release|x86.Build.0 = Release|Any CPU
		{15A14F07-5AB6-42B2-8A0E-64494CDF1BB9}.Debug|Any CPU.ActiveCfg = Debug|Any CPU
		{15A14F07-5AB6-42B2-8A0E-64494CDF1BB9}.Debug|Any CPU.Build.0 = Debug|Any CPU
		{15A14F07-5AB6-42B2-8A0E-64494CDF1BB9}.Debug|x64.ActiveCfg = Debug|Any CPU
		{15A14F07-5AB6-42B2-8A0E-64494CDF1BB9}.Debug|x64.Build.0 = Debug|Any CPU
		{15A14F07-5AB6-42B2-8A0E-64494CDF1BB9}.Debug|x86.ActiveCfg = Debug|Any CPU
		{15A14F07-5AB6-42B2-8A0E-64494CDF1BB9}.Debug|x86.Build.0 = Debug|Any CPU
		{15A14F07-5AB6-42B2-8A0E-64494CDF1BB9}.Release|Any CPU.ActiveCfg = Release|Any CPU
		{15A14F07-5AB6-42B2-8A0E-64494CDF1BB9}.Release|Any CPU.Build.0 = Release|Any CPU
		{15A14F07-5AB6-42B2-8A0E-64494CDF1BB9}.Release|x64.ActiveCfg = Release|Any CPU
		{15A14F07-5AB6-42B2-8A0E-64494CDF1BB9}.Release|x64.Build.0 = Release|Any CPU
		{15A14F07-5AB6-42B2-8A0E-64494CDF1BB9}.Release|x86.ActiveCfg = Release|Any CPU
		{15A14F07-5AB6-42B2-8A0E-64494CDF1BB9}.Release|x86.Build.0 = Release|Any CPU
		{4A509790-4FA8-4517-B84A-9A990490567D}.Debug|Any CPU.ActiveCfg = Debug|Any CPU
		{4A509790-4FA8-4517-B84A-9A990490567D}.Debug|Any CPU.Build.0 = Debug|Any CPU
		{4A509790-4FA8-4517-B84A-9A990490567D}.Debug|x64.ActiveCfg = Debug|Any CPU
		{4A509790-4FA8-4517-B84A-9A990490567D}.Debug|x64.Build.0 = Debug|Any CPU
		{4A509790-4FA8-4517-B84A-9A990490567D}.Debug|x86.ActiveCfg = Debug|Any CPU
		{4A509790-4FA8-4517-B84A-9A990490567D}.Debug|x86.Build.0 = Debug|Any CPU
		{4A509790-4FA8-4517-B84A-9A990490567D}.Release|Any CPU.ActiveCfg = Release|Any CPU
		{4A509790-4FA8-4517-B84A-9A990490567D}.Release|Any CPU.Build.0 = Release|Any CPU
		{4A509790-4FA8-4517-B84A-9A990490567D}.Release|x64.ActiveCfg = Release|Any CPU
		{4A509790-4FA8-4517-B84A-9A990490567D}.Release|x64.Build.0 = Release|Any CPU
		{4A509790-4FA8-4517-B84A-9A990490567D}.Release|x86.ActiveCfg = Release|Any CPU
		{4A509790-4FA8-4517-B84A-9A990490567D}.Release|x86.Build.0 = Release|Any CPU
		{392F34C7-DA25-47F7-8625-E1B7832A13FB}.Debug|Any CPU.ActiveCfg = Debug|Any CPU
		{392F34C7-DA25-47F7-8625-E1B7832A13FB}.Debug|Any CPU.Build.0 = Debug|Any CPU
		{392F34C7-DA25-47F7-8625-E1B7832A13FB}.Debug|x64.ActiveCfg = Debug|Any CPU
		{392F34C7-DA25-47F7-8625-E1B7832A13FB}.Debug|x64.Build.0 = Debug|Any CPU
		{392F34C7-DA25-47F7-8625-E1B7832A13FB}.Debug|x86.ActiveCfg = Debug|Any CPU
		{392F34C7-DA25-47F7-8625-E1B7832A13FB}.Debug|x86.Build.0 = Debug|Any CPU
		{392F34C7-DA25-47F7-8625-E1B7832A13FB}.Release|Any CPU.ActiveCfg = Release|Any CPU
		{392F34C7-DA25-47F7-8625-E1B7832A13FB}.Release|Any CPU.Build.0 = Release|Any CPU
		{392F34C7-DA25-47F7-8625-E1B7832A13FB}.Release|x64.ActiveCfg = Release|Any CPU
		{392F34C7-DA25-47F7-8625-E1B7832A13FB}.Release|x64.Build.0 = Release|Any CPU
		{392F34C7-DA25-47F7-8625-E1B7832A13FB}.Release|x86.ActiveCfg = Release|Any CPU
		{392F34C7-DA25-47F7-8625-E1B7832A13FB}.Release|x86.Build.0 = Release|Any CPU
		{0C1D22B7-90E5-4F89-B32B-2764B33A8B84}.Debug|Any CPU.ActiveCfg = Debug|Any CPU
		{0C1D22B7-90E5-4F89-B32B-2764B33A8B84}.Debug|Any CPU.Build.0 = Debug|Any CPU
		{0C1D22B7-90E5-4F89-B32B-2764B33A8B84}.Debug|x64.ActiveCfg = Debug|Any CPU
		{0C1D22B7-90E5-4F89-B32B-2764B33A8B84}.Debug|x64.Build.0 = Debug|Any CPU
		{0C1D22B7-90E5-4F89-B32B-2764B33A8B84}.Debug|x86.ActiveCfg = Debug|Any CPU
		{0C1D22B7-90E5-4F89-B32B-2764B33A8B84}.Debug|x86.Build.0 = Debug|Any CPU
		{0C1D22B7-90E5-4F89-B32B-2764B33A8B84}.Release|Any CPU.ActiveCfg = Release|Any CPU
		{0C1D22B7-90E5-4F89-B32B-2764B33A8B84}.Release|Any CPU.Build.0 = Release|Any CPU
		{0C1D22B7-90E5-4F89-B32B-2764B33A8B84}.Release|x64.ActiveCfg = Release|Any CPU
		{0C1D22B7-90E5-4F89-B32B-2764B33A8B84}.Release|x64.Build.0 = Release|Any CPU
		{0C1D22B7-90E5-4F89-B32B-2764B33A8B84}.Release|x86.ActiveCfg = Release|Any CPU
		{0C1D22B7-90E5-4F89-B32B-2764B33A8B84}.Release|x86.Build.0 = Release|Any CPU
		{6675EE58-4366-483F-A87F-F401702DA211}.Debug|Any CPU.ActiveCfg = Debug|Any CPU
		{6675EE58-4366-483F-A87F-F401702DA211}.Debug|Any CPU.Build.0 = Debug|Any CPU
		{6675EE58-4366-483F-A87F-F401702DA211}.Debug|x64.ActiveCfg = Debug|Any CPU
		{6675EE58-4366-483F-A87F-F401702DA211}.Debug|x64.Build.0 = Debug|Any CPU
		{6675EE58-4366-483F-A87F-F401702DA211}.Debug|x86.ActiveCfg = Debug|Any CPU
		{6675EE58-4366-483F-A87F-F401702DA211}.Debug|x86.Build.0 = Debug|Any CPU
		{6675EE58-4366-483F-A87F-F401702DA211}.Release|Any CPU.ActiveCfg = Release|Any CPU
		{6675EE58-4366-483F-A87F-F401702DA211}.Release|Any CPU.Build.0 = Release|Any CPU
		{6675EE58-4366-483F-A87F-F401702DA211}.Release|x64.ActiveCfg = Release|Any CPU
		{6675EE58-4366-483F-A87F-F401702DA211}.Release|x64.Build.0 = Release|Any CPU
		{6675EE58-4366-483F-A87F-F401702DA211}.Release|x86.ActiveCfg = Release|Any CPU
		{6675EE58-4366-483F-A87F-F401702DA211}.Release|x86.Build.0 = Release|Any CPU
	EndGlobalSection
	GlobalSection(NestedProjects) = preSolution
		{690913CE-5756-4BB4-91AA-3EA535975344} = {68512568-3C1D-4ABC-88AA-FA5039E035A2}
		{15819F74-0CF2-4A43-A21F-27ABB5AB8D78} = {68512568-3C1D-4ABC-88AA-FA5039E035A2}
		{15A14F07-5AB6-42B2-8A0E-64494CDF1BB9} = {68512568-3C1D-4ABC-88AA-FA5039E035A2}
		{4A509790-4FA8-4517-B84A-9A990490567D} = {68512568-3C1D-4ABC-88AA-FA5039E035A2}
		{0C1D22B7-90E5-4F89-B32B-2764B33A8B84} = {68512568-3C1D-4ABC-88AA-FA5039E035A2}
	EndGlobalSection
EndGlobal
